
Microsoft Visual Studio Solution File, Format Version 12.00
# Visual Studio Version 16
VisualStudioVersion = 16.0.32228.343
MinimumVisualStudioVersion = 10.0.40219.1
Project("{FAE04EC0-301F-11D3-BF4B-00C04F79EFBC}") = "ExampleSQLApp", "ExampleSQLApp\ExampleSQLApp.csproj", "{1F5320A7-F472-41B8-AEA2-917E6F6566A6}"
EndProject
Global
	GlobalSection(SolutionConfigurationPlatforms) = preSolution
		Debug|Any CPU = Debug|Any CPU
		Release|Any CPU = Release|Any CPU
	EndGlobalSection
	GlobalSection(ProjectConfigurationPlatforms) = postSolution
		{1F5320A7-F472-41B8-AEA2-917E6F6566A6}.Debug|Any CPU.ActiveCfg = Debug|Any CPU
		{1F5320A7-F472-41B8-AEA2-917E6F6566A6}.Debug|Any CPU.Build.0 = Debug|Any CPU
		{1F5320A7-F472-41B8-AEA2-917E6F6566A6}.Release|Any CPU.ActiveCfg = Release|Any CPU
		{1F5320A7-F472-41B8-AEA2-917E6F6566A6}.Release|Any CPU.Build.0 = Release|Any CPU
	EndGlobalSection
	GlobalSection(SolutionProperties) = preSolution
		HideSolutionNode = FALSE
	EndGlobalSection
	GlobalSection(ExtensibilityGlobals) = postSolution
		SolutionGuid = {6E1D7DF9-6333-462C-B142-5BCF82801B1F}
	EndGlobalSection
EndGlobal
